
Microsoft Visual Studio Solution File, Format Version 12.00
# Visual Studio Version 17
VisualStudioVersion = 17.10.35004.147
MinimumVisualStudioVersion = 10.0.40219.1
Project("{FAE04EC0-301F-11D3-BF4B-00C04F79EFBC}") = "Farmacia Nueva Api", "Farmacia Nueva Api.csproj", "{F3D84CEE-4123-43A8-AE0E-DE9CA82334DB}"
EndProject
Global
	GlobalSection(SolutionConfigurationPlatforms) = preSolution
		Debug|Any CPU = Debug|Any CPU
		Release|Any CPU = Release|Any CPU
	EndGlobalSection
	GlobalSection(ProjectConfigurationPlatforms) = postSolution
		{F3D84CEE-4123-43A8-AE0E-DE9CA82334DB}.Debug|Any CPU.ActiveCfg = Debug|Any CPU
		{F3D84CEE-4123-43A8-AE0E-DE9CA82334DB}.Debug|Any CPU.Build.0 = Debug|Any CPU
		{F3D84CEE-4123-43A8-AE0E-DE9CA82334DB}.Release|Any CPU.ActiveCfg = Release|Any CPU
		{F3D84CEE-4123-43A8-AE0E-DE9CA82334DB}.Release|Any CPU.Build.0 = Release|Any CPU
	EndGlobalSection
	GlobalSection(SolutionProperties) = preSolution
		HideSolutionNode = FALSE
	EndGlobalSection
	GlobalSection(ExtensibilityGlobals) = postSolution
		SolutionGuid = {8FFCBCD3-40C1-4FE7-87C5-00C01489D6B1}
	EndGlobalSection
EndGlobal
